
Microsoft Visual Studio Solution File, Format Version 12.00
# Visual Studio Version 16
VisualStudioVersion = 16.0.30907.101
MinimumVisualStudioVersion = 10.0.40219.1
Project("{FAE04EC0-301F-11D3-BF4B-00C04F79EFBC}") = "SimpleCalculator", "SimpleCalculator\SimpleCalculator.csproj", "{44F65FF0-6203-4BCE-A1C1-C2913E0B41C8}"
EndProject
Global
	GlobalSection(SolutionConfigurationPlatforms) = preSolution
		Debug|Any CPU = Debug|Any CPU
		Release|Any CPU = Release|Any CPU
	EndGlobalSection
	GlobalSection(ProjectConfigurationPlatforms) = postSolution
		{44F65FF0-6203-4BCE-A1C1-C2913E0B41C8}.Debug|Any CPU.ActiveCfg = Debug|Any CPU
		{44F65FF0-6203-4BCE-A1C1-C2913E0B41C8}.Debug|Any CPU.Build.0 = Debug|Any CPU
		{44F65FF0-6203-4BCE-A1C1-C2913E0B41C8}.Release|Any CPU.ActiveCfg = Release|Any CPU
		{44F65FF0-6203-4BCE-A1C1-C2913E0B41C8}.Release|Any CPU.Build.0 = Release|Any CPU
	EndGlobalSection
	GlobalSection(SolutionProperties) = preSolution
		HideSolutionNode = FALSE
	EndGlobalSection
	GlobalSection(ExtensibilityGlobals) = postSolution
		SolutionGuid = {259BD324-1688-4A4E-AD5F-E4456865F2F0}
	EndGlobalSection
EndGlobal
